// !$*UTF8*$!
{
	archiveVersion = 1;
	classes = {
	};
	objectVersion = 55;
	objects = {

/* Begin PBXBuildFile section */
		FA59BCE32861C2680080A276 /* Recipe_List_App.swift in Sources */ = {isa = PBXBuildFile; fileRef = FA59BCE22861C2680080A276 /* Recipe_List_App.swift */; };
		FA59BCE52861C2680080A276 /* RecipeListView.swift in Sources */ = {isa = PBXBuildFile; fileRef = FA59BCE42861C2680080A276 /* RecipeListView.swift */; };
		FA59BCE72861C26A0080A276 /* Assets.xcassets in Resources */ = {isa = PBXBuildFile; fileRef = FA59BCE62861C26A0080A276 /* Assets.xcassets */; };
		FA59BCEA2861C26A0080A276 /* Preview Assets.xcassets in Resources */ = {isa = PBXBuildFile; fileRef = FA59BCE92861C26A0080A276 /* Preview Assets.xcassets */; };
		FA59BCF62861C3950080A276 /* recipes.json in Resources */ = {isa = PBXBuildFile; fileRef = FA59BCF52861C3950080A276 /* recipes.json */; };
		FA59BCF82861C4660080A276 /* Recipe.swift in Sources */ = {isa = PBXBuildFile; fileRef = FA59BCF72861C4660080A276 /* Recipe.swift */; };
		FA59BCFA2861C5F00080A276 /* RecipeModel.swift in Sources */ = {isa = PBXBuildFile; fileRef = FA59BCF92861C5F00080A276 /* RecipeModel.swift */; };
		FA59BCFC2861C7F10080A276 /* DataService.swift in Sources */ = {isa = PBXBuildFile; fileRef = FA59BCFB2861C7F10080A276 /* DataService.swift */; };
		FA59BD00286B01560080A276 /* RecipeDetailView.swift in Sources */ = {isa = PBXBuildFile; fileRef = FA59BCFF286B01550080A276 /* RecipeDetailView.swift */; };
		FA59BD02286C49AB0080A276 /* RecipeTabView.swift in Sources */ = {isa = PBXBuildFile; fileRef = FA59BD01286C49AB0080A276 /* RecipeTabView.swift */; };
		FA59BD04286C5E3D0080A276 /* RecipeFeaturedView.swift in Sources */ = {isa = PBXBuildFile; fileRef = FA59BD03286C5E3C0080A276 /* RecipeFeaturedView.swift */; };
		FACEE2092897F90E0093784F /* Rational.swift in Sources */ = {isa = PBXBuildFile; fileRef = FACEE2082897F90E0093784F /* Rational.swift */; };
/* End PBXBuildFile section */

/* Begin PBXFileReference section */
		FA59BCDF2861C2680080A276 /* Recipe List App.app */ = {isa = PBXFileReference; explicitFileType = wrapper.application; includeInIndex = 0; path = "Recipe List App.app"; sourceTree = BUILT_PRODUCTS_DIR; };
		FA59BCE22861C2680080A276 /* Recipe_List_App.swift */ = {isa = PBXFileReference; lastKnownFileType = sourcecode.swift; path = Recipe_List_App.swift; sourceTree = "<group>"; };
		FA59BCE42861C2680080A276 /* RecipeListView.swift */ = {isa = PBXFileReference; lastKnownFileType = sourcecode.swift; path = RecipeListView.swift; sourceTree = "<group>"; };
		FA59BCE62861C26A0080A276 /* Assets.xcassets */ = {isa = PBXFileReference; lastKnownFileType = folder.assetcatalog; path = Assets.xcassets; sourceTree = "<group>"; };
		FA59BCE92861C26A0080A276 /* Preview Assets.xcassets */ = {isa = PBXFileReference; lastKnownFileType = folder.assetcatalog; path = "Preview Assets.xcassets"; sourceTree = "<group>"; };
		FA59BCF52861C3950080A276 /* recipes.json */ = {isa = PBXFileReference; fileEncoding = 4; lastKnownFileType = text.json; path = recipes.json; sourceTree = "<group>"; };
		FA59BCF72861C4660080A276 /* Recipe.swift */ = {isa = PBXFileReference; lastKnownFileType = sourcecode.swift; path = Recipe.swift; sourceTree = "<group>"; };
		FA59BCF92861C5F00080A276 /* RecipeModel.swift */ = {isa = PBXFileReference; lastKnownFileType = sourcecode.swift; path = RecipeModel.swift; sourceTree = "<group>"; };
		FA59BCFB2861C7F10080A276 /* DataService.swift */ = {isa = PBXFileReference; lastKnownFileType = sourcecode.swift; path = DataService.swift; sourceTree = "<group>"; };
		FA59BCFF286B01550080A276 /* RecipeDetailView.swift */ = {isa = PBXFileReference; lastKnownFileType = sourcecode.swift; path = RecipeDetailView.swift; sourceTree = "<group>"; };
		FA59BD01286C49AB0080A276 /* RecipeTabView.swift */ = {isa = PBXFileReference; lastKnownFileType = sourcecode.swift; path = RecipeTabView.swift; sourceTree = "<group>"; };
		FA59BD03286C5E3C0080A276 /* RecipeFeaturedView.swift */ = {isa = PBXFileReference; lastKnownFileType = sourcecode.swift; path = RecipeFeaturedView.swift; sourceTree = "<group>"; };
		FACEE2082897F90E0093784F /* Rational.swift */ = {isa = PBXFileReference; lastKnownFileType = sourcecode.swift; path = Rational.swift; sourceTree = "<group>"; };
/* End PBXFileReference section */

/* Begin PBXFrameworksBuildPhase section */
		FA59BCDC2861C2680080A276 /* Frameworks */ = {
			isa = PBXFrameworksBuildPhase;
			buildActionMask = 2147483647;
			files = (
			);
			runOnlyForDeploymentPostprocessing = 0;
		};
/* End PBXFrameworksBuildPhase section */

/* Begin PBXGroup section */
		FA59BCD62861C2680080A276 = {
			isa = PBXGroup;
			children = (
				FA59BCE12861C2680080A276 /* Recipe List App */,
				FA59BCE02861C2680080A276 /* Products */,
			);
			sourceTree = "<group>";
		};
		FA59BCE02861C2680080A276 /* Products */ = {
			isa = PBXGroup;
			children = (
				FA59BCDF2861C2680080A276 /* Recipe List App.app */,
			);
			name = Products;
			sourceTree = "<group>";
		};
		FA59BCE12861C2680080A276 /* Recipe List App */ = {
			isa = PBXGroup;
			children = (
				FA59BCE22861C2680080A276 /* Recipe_List_App.swift */,
				FA59BCF22861C2F00080A276 /* Models */,
				FA59BCF12861C2DD0080A276 /* ViewModels */,
				FA59BCF02861C2C80080A276 /* Views */,
				FACEE2072897F8EB0093784F /* Utilities */,
				FA59BCF42861C3010080A276 /* Services */,
				FA59BCF32861C2F60080A276 /* Data */,
				FA59BCE62861C26A0080A276 /* Assets.xcassets */,
				FA59BCE82861C26A0080A276 /* Preview Content */,
			);
			path = "Recipe List App";
			sourceTree = "<group>";
		};
		FA59BCE82861C26A0080A276 /* Preview Content */ = {
			isa = PBXGroup;
			children = (
				FA59BCE92861C26A0080A276 /* Preview Assets.xcassets */,
			);
			path = "Preview Content";
			sourceTree = "<group>";
		};
		FA59BCF02861C2C80080A276 /* Views */ = {
			isa = PBXGroup;
			children = (
				FA59BCE42861C2680080A276 /* RecipeListView.swift */,
				FA59BCFF286B01550080A276 /* RecipeDetailView.swift */,
				FA59BD01286C49AB0080A276 /* RecipeTabView.swift */,
				FA59BD03286C5E3C0080A276 /* RecipeFeaturedView.swift */,
			);
			path = Views;
			sourceTree = "<group>";
		};
		FA59BCF12861C2DD0080A276 /* ViewModels */ = {
			isa = PBXGroup;
			children = (
				FA59BCF92861C5F00080A276 /* RecipeModel.swift */,
			);
			path = ViewModels;
			sourceTree = "<group>";
		};
		FA59BCF22861C2F00080A276 /* Models */ = {
			isa = PBXGroup;
			children = (
				FA59BCF72861C4660080A276 /* Recipe.swift */,
			);
			path = Models;
			sourceTree = "<group>";
		};
		FA59BCF32861C2F60080A276 /* Data */ = {
			isa = PBXGroup;
			children = (
				FA59BCF52861C3950080A276 /* recipes.json */,
			);
			path = Data;
			sourceTree = "<group>";
		};
		FA59BCF42861C3010080A276 /* Services */ = {
			isa = PBXGroup;
			children = (
				FA59BCFB2861C7F10080A276 /* DataService.swift */,
			);
			path = Services;
			sourceTree = "<group>";
		};
		FACEE2072897F8EB0093784F /* Utilities */ = {
			isa = PBXGroup;
			children = (
				FACEE2082897F90E0093784F /* Rational.swift */,
			);
			path = Utilities;
			sourceTree = "<group>";
		};
/* End PBXGroup section */

/* Begin PBXNativeTarget section */
		FA59BCDE2861C2680080A276 /* Recipe List App */ = {
			isa = PBXNativeTarget;
			buildConfigurationList = FA59BCED2861C26A0080A276 /* Build configuration list for PBXNativeTarget "Recipe List App" */;
			buildPhases = (
				FA59BCDB2861C2680080A276 /* Sources */,
				FA59BCDC2861C2680080A276 /* Frameworks */,
				FA59BCDD2861C2680080A276 /* Resources */,
			);
			buildRules = (
			);
			dependencies = (
			);
			name = "Recipe List App";
			productName = "Recipe List App";
			productReference = FA59BCDF2861C2680080A276 /* Recipe List App.app */;
			productType = "com.apple.product-type.application";
		};
/* End PBXNativeTarget section */

/* Begin PBXProject section */
		FA59BCD72861C2680080A276 /* Project object */ = {
			isa = PBXProject;
			attributes = {
				BuildIndependentTargetsInParallel = 1;
				LastSwiftUpdateCheck = 1340;
				LastUpgradeCheck = 1340;
				TargetAttributes = {
					FA59BCDE2861C2680080A276 = {
						CreatedOnToolsVersion = 13.4.1;
					};
				};
			};
			buildConfigurationList = FA59BCDA2861C2680080A276 /* Build configuration list for PBXProject "Recipe List App" */;
			compatibilityVersion = "Xcode 13.0";
			developmentRegion = en;
			hasScannedForEncodings = 0;
			knownRegions = (
				en,
				Base,
			);
			mainGroup = FA59BCD62861C2680080A276;
			productRefGroup = FA59BCE02861C2680080A276 /* Products */;
			projectDirPath = "";
			projectRoot = "";
			targets = (
				FA59BCDE2861C2680080A276 /* Recipe List App */,
			);
		};
/* End PBXProject section */

/* Begin PBXResourcesBuildPhase section */
		FA59BCDD2861C2680080A276 /* Resources */ = {
			isa = PBXResourcesBuildPhase;
			buildActionMask = 2147483647;
			files = (
				FA59BCEA2861C26A0080A276 /* Preview Assets.xcassets in Resources */,
				FA59BCF62861C3950080A276 /* recipes.json in Resources */,
				FA59BCE72861C26A0080A276 /* Assets.xcassets in Resources */,
			);
			runOnlyForDeploymentPostprocessing = 0;
		};
/* End PBXResourcesBuildPhase section */

/* Begin PBXSourcesBuildPhase section */
		FA59BCDB2861C2680080A276 /* Sources */ = {
			isa = PBXSourcesBuildPhase;
			buildActionMask = 2147483647;
			files = (
				FA59BCF82861C4660080A276 /* Recipe.swift in Sources */,
				FA59BD00286B01560080A276 /* RecipeDetailView.swift in Sources */,
				FACEE2092897F90E0093784F /* Rational.swift in Sources */,
				FA59BCFA2861C5F00080A276 /* RecipeModel.swift in Sources */,
				FA59BCE52861C2680080A276 /* RecipeListView.swift in Sources */,
				FA59BCE32861C2680080A276 /* Recipe_List_App.swift in Sources */,
				FA59BCFC2861C7F10080A276 /* DataService.swift in Sources */,
				FA59BD04286C5E3D0080A276 /* RecipeFeaturedView.swift in Sources */,
				FA59BD02286C49AB0080A276 /* RecipeTabView.swift in Sources */,
			);
			runOnlyForDeploymentPostprocessing = 0;
		};
/* End PBXSourcesBuildPhase section */

/* Begin XCBuildConfiguration section */
		FA59BCEB2861C26A0080A276 /* Debug */ = {
			isa = XCBuildConfiguration;
			buildSettings = {
				ALWAYS_SEARCH_USER_PATHS = NO;
				CLANG_ANALYZER_NONNULL = YES;
				CLANG_ANALYZER_NUMBER_OBJECT_CONVERSION = YES_AGGRESSIVE;
				CLANG_CXX_LANGUAGE_STANDARD = "gnu++17";
				CLANG_ENABLE_MODULES = YES;
				CLANG_ENABLE_OBJC_ARC = YES;
				CLANG_ENABLE_OBJC_WEAK = YES;
				CLANG_WARN_BLOCK_CAPTURE_AUTORELEASING = YES;
				CLANG_WARN_BOOL_CONVERSION = YES;
				CLANG_WARN_COMMA = YES;
				CLANG_WARN_CONSTANT_CONVERSION = YES;
				CLANG_WARN_DEPRECATED_OBJC_IMPLEMENTATIONS = YES;
				CLANG_WARN_DIRECT_OBJC_ISA_USAGE = YES_ERROR;
				CLANG_WARN_DOCUMENTATION_COMMENTS = YES;
				CLANG_WARN_EMPTY_BODY = YES;
				CLANG_WARN_ENUM_CONVERSION = YES;
				CLANG_WARN_INFINITE_RECURSION = YES;
				CLANG_WARN_INT_CONVERSION = YES;
				CLANG_WARN_NON_LITERAL_NULL_CONVERSION = YES;
				CLANG_WARN_OBJC_IMPLICIT_RETAIN_SELF = YES;
				CLANG_WARN_OBJC_LITERAL_CONVERSION = YES;
				CLANG_WARN_OBJC_ROOT_CLASS = YES_ERROR;
				CLANG_WARN_QUOTED_INCLUDE_IN_FRAMEWORK_HEADER = YES;
				CLANG_WARN_RANGE_LOOP_ANALYSIS = YES;
				CLANG_WARN_STRICT_PROTOTYPES = YES;
				CLANG_WARN_SUSPICIOUS_MOVE = YES;
				CLANG_WARN_UNGUARDED_AVAILABILITY = YES_AGGRESSIVE;
				CLANG_WARN_UNREACHABLE_CODE = YES;
				CLANG_WARN__DUPLICATE_METHOD_MATCH = YES;
				COPY_PHASE_STRIP = NO;
				DEBUG_INFORMATION_FORMAT = dwarf;
				ENABLE_STRICT_OBJC_MSGSEND = YES;
				ENABLE_TESTABILITY = YES;
				GCC_C_LANGUAGE_STANDARD = gnu11;
				GCC_DYNAMIC_NO_PIC = NO;
				GCC_NO_COMMON_BLOCKS = YES;
				GCC_OPTIMIZATION_LEVEL = 0;
				GCC_PREPROCESSOR_DEFINITIONS = (
					"DEBUG=1",
					"$(inherited)",
				);
				GCC_WARN_64_TO_32_BIT_CONVERSION = YES;
				GCC_WARN_ABOUT_RETURN_TYPE = YES_ERROR;
				GCC_WARN_UNDECLARED_SELECTOR = YES;
				GCC_WARN_UNINITIALIZED_AUTOS = YES_AGGRESSIVE;
				GCC_WARN_UNUSED_FUNCTION = YES;
				GCC_WARN_UNUSED_VARIABLE = YES;
				IPHONEOS_DEPLOYMENT_TARGET = 15.5;
				MTL_ENABLE_DEBUG_INFO = INCLUDE_SOURCE;
				MTL_FAST_MATH = YES;
				ONLY_ACTIVE_ARCH = YES;
				SDKROOT = iphoneos;
				SWIFT_ACTIVE_COMPILATION_CONDITIONS = DEBUG;
				SWIFT_OPTIMIZATION_LEVEL = "-Onone";
			};
			name = Debug;
		};
		FA59BCEC2861C26A0080A276 /* Release */ = {
			isa = XCBuildConfiguration;
			buildSettings = {
				ALWAYS_SEARCH_USER_PATHS = NO;
				CLANG_ANALYZER_NONNULL = YES;
				CLANG_ANALYZER_NUMBER_OBJECT_CONVERSION = YES_AGGRESSIVE;
				CLANG_CXX_LANGUAGE_STANDARD = "gnu++17";
				CLANG_ENABLE_MODULES = YES;
				CLANG_ENABLE_OBJC_ARC = YES;
				CLANG_ENABLE_OBJC_WEAK = YES;
				CLANG_WARN_BLOCK_CAPTURE_AUTORELEASING = YES;
				CLANG_WARN_BOOL_CONVERSION = YES;
				CLANG_WARN_COMMA = YES;
				CLANG_WARN_CONSTANT_CONVERSION = YES;
				CLANG_WARN_DEPRECATED_OBJC_IMPLEMENTATIONS = YES;
				CLANG_WARN_DIRECT_OBJC_ISA_USAGE = YES_ERROR;
				CLANG_WARN_DOCUMENTATION_COMMENTS = YES;
				CLANG_WARN_EMPTY_BODY = YES;
				CLANG_WARN_ENUM_CONVERSION = YES;
				CLANG_WARN_INFINITE_RECURSION = YES;
				CLANG_WARN_INT_CONVERSION = YES;
				CLANG_WARN_NON_LITERAL_NULL_CONVERSION = YES;
				CLANG_WARN_OBJC_IMPLICIT_RETAIN_SELF = YES;
				CLANG_WARN_OBJC_LITERAL_CONVERSION = YES;
				CLANG_WARN_OBJC_ROOT_CLASS = YES_ERROR;
				CLANG_WARN_QUOTED_INCLUDE_IN_FRAMEWORK_HEADER = YES;
				CLANG_WARN_RANGE_LOOP_ANALYSIS = YES;
				CLANG_WARN_STRICT_PROTOTYPES = YES;
				CLANG_WARN_SUSPICIOUS_MOVE = YES;
				CLANG_WARN_UNGUARDED_AVAILABILITY = YES_AGGRESSIVE;
				CLANG_WARN_UNREACHABLE_CODE = YES;
				CLANG_WARN__DUPLICATE_METHOD_MATCH = YES;
				COPY_PHASE_STRIP = NO;
				DEBUG_INFORMATION_FORMAT = "dwarf-with-dsym";
				ENABLE_NS_ASSERTIONS = NO;
				ENABLE_STRICT_OBJC_MSGSEND = YES;
				GCC_C_LANGUAGE_STANDARD = gnu11;
				GCC_NO_COMMON_BLOCKS = YES;
				GCC_WARN_64_TO_32_BIT_CONVERSION = YES;
				GCC_WARN_ABOUT_RETURN_TYPE = YES_ERROR;
				GCC_WARN_UNDECLARED_SELECTOR = YES;
				GCC_WARN_UNINITIALIZED_AUTOS = YES_AGGRESSIVE;
				GCC_WARN_UNUSED_FUNCTION = YES;
				GCC_WARN_UNUSED_VARIABLE = YES;
				IPHONEOS_DEPLOYMENT_TARGET = 15.5;
				MTL_ENABLE_DEBUG_INFO = NO;
				MTL_FAST_MATH = YES;
				SDKROOT = iphoneos;
				SWIFT_COMPILATION_MODE = wholemodule;
				SWIFT_OPTIMIZATION_LEVEL = "-O";
				VALIDATE_PRODUCT = YES;
			};
			name = Release;
		};
		FA59BCEE2861C26A0080A276 /* Debug */ = {
			isa = XCBuildConfiguration;
			buildSettings = {
				ASSETCATALOG_COMPILER_APPICON_NAME = AppIcon;
				ASSETCATALOG_COMPILER_GLOBAL_ACCENT_COLOR_NAME = AccentColor;
				CODE_SIGN_STYLE = Automatic;
				CURRENT_PROJECT_VERSION = 1;
				DEVELOPMENT_ASSET_PATHS = "\"Recipe List App/Preview Content\"";
				ENABLE_PREVIEWS = YES;
				GENERATE_INFOPLIST_FILE = YES;
				INFOPLIST_KEY_UIApplicationSceneManifest_Generation = YES;
				INFOPLIST_KEY_UIApplicationSupportsIndirectInputEvents = YES;
				INFOPLIST_KEY_UILaunchScreen_Generation = YES;
				INFOPLIST_KEY_UISupportedInterfaceOrientations_iPad = "UIInterfaceOrientationPortrait UIInterfaceOrientationPortraitUpsideDown UIInterfaceOrientationLandscapeLeft UIInterfaceOrientationLandscapeRight";
				INFOPLIST_KEY_UISupportedInterfaceOrientations_iPhone = "UIInterfaceOrientationPortrait UIInterfaceOrientationLandscapeLeft UIInterfaceOrientationLandscapeRight";
				LD_RUNPATH_SEARCH_PATHS = (
					"$(inherited)",
					"@executable_path/Frameworks",
				);
				MARKETING_VERSION = 1.0;
				PRODUCT_BUNDLE_IDENTIFIER = "Pavel-Bohomolnyi.Recipe-List-App";
				PRODUCT_NAME = "$(TARGET_NAME)";
				SWIFT_EMIT_LOC_STRINGS = YES;
				SWIFT_VERSION = 5.0;
				TARGETED_DEVICE_FAMILY = "1,2";
			};
			name = Debug;
		};
		FA59BCEF2861C26A0080A276 /* Release */ = {
			isa = XCBuildConfiguration;
			buildSettings = {
				ASSETCATALOG_COMPILER_APPICON_NAME = AppIcon;
				ASSETCATALOG_COMPILER_GLOBAL_ACCENT_COLOR_NAME = AccentColor;
				CODE_SIGN_STYLE = Automatic;
				CURRENT_PROJECT_VERSION = 1;
				DEVELOPMENT_ASSET_PATHS = "\"Recipe List App/Preview Content\"";
				ENABLE_PREVIEWS = YES;
				GENERATE_INFOPLIST_FILE = YES;
				INFOPLIST_KEY_UIApplicationSceneManifest_Generation = YES;
				INFOPLIST_KEY_UIApplicationSupportsIndirectInputEvents = YES;
				INFOPLIST_KEY_UILaunchScreen_Generation = YES;
				INFOPLIST_KEY_UISupportedInterfaceOrientations_iPad = "UIInterfaceOrientationPortrait UIInterfaceOrientationPortraitUpsideDown UIInterfaceOrientationLandscapeLeft UIInterfaceOrientationLandscapeRight";
				INFOPLIST_KEY_UISupportedInterfaceOrientations_iPhone = "UIInterfaceOrientationPortrait UIInterfaceOrientationLandscapeLeft UIInterfaceOrientationLandscapeRight";
				LD_RUNPATH_SEARCH_PATHS = (
					"$(inherited)",
					"@executable_path/Frameworks",
				);
				MARKETING_VERSION = 1.0;
				PRODUCT_BUNDLE_IDENTIFIER = "Pavel-Bohomolnyi.Recipe-List-App";
				PRODUCT_NAME = "$(TARGET_NAME)";
				SWIFT_EMIT_LOC_STRINGS = YES;
				SWIFT_VERSION = 5.0;
				TARGETED_DEVICE_FAMILY = "1,2";
			};
			name = Release;
		};
/* End XCBuildConfiguration section */

/* Begin XCConfigurationList section */
		FA59BCDA2861C2680080A276 /* Build configuration list for PBXProject "Recipe List App" */ = {
			isa = XCConfigurationList;
			buildConfigurations = (
				FA59BCEB2861C26A0080A276 /* Debug */,
				FA59BCEC2861C26A0080A276 /* Release */,
			);
			defaultConfigurationIsVisible = 0;
			defaultConfigurationName = Release;
		};
		FA59BCED2861C26A0080A276 /* Build configuration list for PBXNativeTarget "Recipe List App" */ = {
			isa = XCConfigurationList;
			buildConfigurations = (
				FA59BCEE2861C26A0080A276 /* Debug */,
				FA59BCEF2861C26A0080A276 /* Release */,
			);
			defaultConfigurationIsVisible = 0;
			defaultConfigurationName = Release;
		};
/* End XCConfigurationList section */
	};
	rootObject = FA59BCD72861C2680080A276 /* Project object */;
}
